{
    "_readme": [
        "This file locks the dependencies of your project to a known state",
        "Read more about it at https://getcomposer.org/doc/01-basic-usage.md#installing-dependencies",
        "This file is @generated automatically"
    ],
    "content-hash": "8de98d3a5fb37bf074220ef78e2c7c90",
    "packages": [
        {
            "name": "altorouter/altorouter",
            "version": "2.0.3",
            "source": {
                "type": "git",
                "url": "https://github.com/dannyvankooten/AltoRouter.git",
                "reference": "9931b976423f7334c94f7b5b348be8ab1da3415d"
            },
            "dist": {
                "type": "zip",
                "url": "https://api.github.com/repos/dannyvankooten/AltoRouter/zipball/9931b976423f7334c94f7b5b348be8ab1da3415d",
                "reference": "9931b976423f7334c94f7b5b348be8ab1da3415d",
                "shasum": ""
            },
            "require": {
                "php": ">=7.3"
            },
            "require-dev": {
                "phpunit/phpunit": "9.6.*",
                "squizlabs/php_codesniffer": "3.6.2"
            },
            "type": "library",
            "autoload": {
                "classmap": [
                    "AltoRouter.php"
                ]
            },
            "notification-url": "https://packagist.org/downloads/",
            "license": [
                "MIT"
            ],
            "authors": [
                {
                    "name": "Danny van Kooten",
                    "email": "dannyvankooten@gmail.com",
                    "homepage": "http://dannyvankooten.com/"
                },
                {
                    "name": "Koen Punt",
                    "homepage": "https://github.com/koenpunt"
                },
                {
                    "name": "niahoo",
                    "homepage": "https://github.com/niahoo"
                }
            ],
            "description": "A lightning fast router for PHP",
            "homepage": "https://github.com/dannyvankooten/AltoRouter",
            "keywords": [
                "lightweight",
                "router",
                "routing"
            ],
            "support": {
                "source": "https://github.com/dannyvankooten/AltoRouter/tree/2.0.3"
            },
            "time": "2025-01-05T20:33:28+00:00"
        },
        {
            "name": "cebe/markdown",
            "version": "1.2.1",
            "source": {
                "type": "git",
                "url": "https://github.com/cebe/markdown.git",
                "reference": "9bac5e971dd391e2802dca5400bbeacbaea9eb86"
            },
            "dist": {
                "type": "zip",
                "url": "https://api.github.com/repos/cebe/markdown/zipball/9bac5e971dd391e2802dca5400bbeacbaea9eb86",
                "reference": "9bac5e971dd391e2802dca5400bbeacbaea9eb86",
                "shasum": ""
            },
            "require": {
                "lib-pcre": "*",
                "php": ">=5.4.0"
            },
            "require-dev": {
                "cebe/indent": "*",
                "facebook/xhprof": "*@dev",
                "phpunit/phpunit": "4.1.*"
            },
            "bin": [
                "bin/markdown"
            ],
            "type": "library",
            "extra": {
                "branch-alias": {
                    "dev-master": "1.2.x-dev"
                }
            },
            "autoload": {
                "psr-4": {
                    "app\\": "app/"
                },
                "classmap": [
                    "vendor/cebe/markdown/src/"
                ]
            },
            "notification-url": "https://packagist.org/downloads/",
            "license": [
                "MIT"
            ],
            "authors": [
                {
                    "name": "Carsten Brandt",
                    "email": "mail@cebe.cc",
                    "homepage": "http://cebe.cc/",
                    "role": "Creator"
                }
            ],
            "description": "A super fast, highly extensible markdown parser for PHP",
            "homepage": "https://github.com/cebe/markdown#readme",
            "keywords": [
                "extensible",
                "fast",
                "gfm",
                "markdown",
                "markdown-extra"
            ],
            "support": {
                "issues": "https://github.com/cebe/markdown/issues",
                "source": "https://github.com/cebe/markdown"
            },
            "time": "2018-03-26T11:24:36+00:00"
        },
        {
            "name": "spatie/schema-org",
            "version": "3.23.1",
            "source": {
                "type": "git",
                "url": "https://github.com/spatie/schema-org.git",
                "reference": "a8dc1b6fcdd06afc1ab084c3ead9b7a4c3d7a35d"
            },
            "dist": {
                "type": "zip",
                "url": "https://api.github.com/repos/spatie/schema-org/zipball/a8dc1b6fcdd06afc1ab084c3ead9b7a4c3d7a35d",
                "reference": "a8dc1b6fcdd06afc1ab084c3ead9b7a4c3d7a35d",
                "shasum": ""
            },
            "require": {
                "ext-json": "*",
                "php": "^8.0"
            },
            "require-dev": {
                "friendsofphp/php-cs-fixer": "^3.6",
                "graham-campbell/analyzer": "^4.2",
                "illuminate/collections": "^8.62.0",
                "league/flysystem": "^2.3.0 || ^3.0",
                "pestphp/pest": "^1.21",
                "symfony/console": "^5.3.7 || 6.0",
                "twig/twig": "^3.3.3"
            },
            "type": "library",
            "autoload": {
                "psr-4": {
                    "Spatie\\SchemaOrg\\": "src"
                }
            },
            "notification-url": "https://packagist.org/downloads/",
            "license": [
                "MIT"
            ],
            "authors": [
                {
                    "name": "Sebastian De Deyne",
                    "email": "sebastian@spatie.be",
                    "homepage": "https://spatie.be",
                    "role": "Developer"
                },
                {
                    "name": "Tom Witkowski",
                    "email": "dev.gummibeer@gmail.com",
                    "homepage": "https://gummibeer.de",
                    "role": "Developer"
                }
            ],
            "description": "A fluent builder Schema.org types and ld+json generator",
            "homepage": "https://github.com/spatie/schema-org",
            "keywords": [
                "schema-org",
                "spatie"
            ],
            "support": {
                "issues": "https://github.com/spatie/schema-org/issues",
                "source": "https://github.com/spatie/schema-org/tree/3.23.1"
            },
            "funding": [
                {
                    "url": "https://spatie.be/open-source/support-us",
                    "type": "custom"
                },
                {
                    "url": "https://github.com/spatie",
                    "type": "github"
                }
            ],
            "time": "2025-01-31T14:54:12+00:00"
        }
    ],
    "packages-dev": [],
    "aliases": [],
    "minimum-stability": "stable",
    "stability-flags": [],
    "prefer-stable": false,
    "prefer-lowest": false,
    "platform": [],
    "platform-dev": [],
    "plugin-api-version": "2.2.0"
}
